
Microsoft Visual Studio Solution File, Format Version 12.00
# Visual Studio Version 17
VisualStudioVersion = 17.0.31903.59
MinimumVisualStudioVersion = 10.0.40219.1
Project("{2150E333-8FDC-42A3-9474-1A3956D46DE8}") = "src", "src", "{827E0CD3-B72D-47B6-A68D-7590B98EB39B}"
EndProject
Project("{FAE04EC0-301F-11D3-BF4B-00C04F79EFBC}") = "EventManagementService.Api", "src\EventManagementService.Api\EventManagementService.Api.csproj", "{27C3C13F-A0EF-4C70-B699-2396F334150B}"
EndProject
Project("{2150E333-8FDC-42A3-9474-1A3956D46DE8}") = "tests", "tests", "{0AB3BF05-4346-4AA6-1389-037BE0695223}"
EndProject
Project("{FAE04EC0-301F-11D3-BF4B-00C04F79EFBC}") = "EventManagementService.Tests", "tests\EventManagementService.Tests\EventManagementService.Tests.csproj", "{91CAEA58-5141-4C64-A6EA-B141D3C3060F}"
EndProject
Global
	GlobalSection(SolutionConfigurationPlatforms) = preSolution
		Debug|Any CPU = Debug|Any CPU
		Debug|x64 = Debug|x64
		Debug|x86 = Debug|x86
		Release|Any CPU = Release|Any CPU
		Release|x64 = Release|x64
		Release|x86 = Release|x86
	EndGlobalSection
	GlobalSection(ProjectConfigurationPlatforms) = postSolution
		{27C3C13F-A0EF-4C70-B699-2396F334150B}.Debug|Any CPU.ActiveCfg = Debug|Any CPU
		{27C3C13F-A0EF-4C70-B699-2396F334150B}.Debug|Any CPU.Build.0 = Debug|Any CPU
		{27C3C13F-A0EF-4C70-B699-2396F334150B}.Debug|x64.ActiveCfg = Debug|Any CPU
		{27C3C13F-A0EF-4C70-B699-2396F334150B}.Debug|x64.Build.0 = Debug|Any CPU
		{27C3C13F-A0EF-4C70-B699-2396F334150B}.Debug|x86.ActiveCfg = Debug|Any CPU
		{27C3C13F-A0EF-4C70-B699-2396F334150B}.Debug|x86.Build.0 = Debug|Any CPU
		{27C3C13F-A0EF-4C70-B699-2396F334150B}.Release|Any CPU.ActiveCfg = Release|Any CPU
		{27C3C13F-A0EF-4C70-B699-2396F334150B}.Release|Any CPU.Build.0 = Release|Any CPU
		{27C3C13F-A0EF-4C70-B699-2396F334150B}.Release|x64.ActiveCfg = Release|Any CPU
		{27C3C13F-A0EF-4C70-B699-2396F334150B}.Release|x64.Build.0 = Release|Any CPU
		{27C3C13F-A0EF-4C70-B699-2396F334150B}.Release|x86.ActiveCfg = Release|Any CPU
		{27C3C13F-A0EF-4C70-B699-2396F334150B}.Release|x86.Build.0 = Release|Any CPU
		{91CAEA58-5141-4C64-A6EA-B141D3C3060F}.Debug|Any CPU.ActiveCfg = Debug|Any CPU
		{91CAEA58-5141-4C64-A6EA-B141D3C3060F}.Debug|Any CPU.Build.0 = Debug|Any CPU
		{91CAEA58-5141-4C64-A6EA-B141D3C3060F}.Debug|x64.ActiveCfg = Debug|Any CPU
		{91CAEA58-5141-4C64-A6EA-B141D3C3060F}.Debug|x64.Build.0 = Debug|Any CPU
		{91CAEA58-5141-4C64-A6EA-B141D3C3060F}.Debug|x86.ActiveCfg = Debug|Any CPU
		{91CAEA58-5141-4C64-A6EA-B141D3C3060F}.Debug|x86.Build.0 = Debug|Any CPU
		{91CAEA58-5141-4C64-A6EA-B141D3C3060F}.Release|Any CPU.ActiveCfg = Release|Any CPU
		{91CAEA58-5141-4C64-A6EA-B141D3C3060F}.Release|Any CPU.Build.0 = Release|Any CPU
		{91CAEA58-5141-4C64-A6EA-B141D3C3060F}.Release|x64.ActiveCfg = Release|Any CPU
		{91CAEA58-5141-4C64-A6EA-B141D3C3060F}.Release|x64.Build.0 = Release|Any CPU
		{91CAEA58-5141-4C64-A6EA-B141D3C3060F}.Release|x86.ActiveCfg = Release|Any CPU
		{91CAEA58-5141-4C64-A6EA-B141D3C3060F}.Release|x86.Build.0 = Release|Any CPU
	EndGlobalSection
	GlobalSection(SolutionProperties) = preSolution
		HideSolutionNode = FALSE
	EndGlobalSection
	GlobalSection(NestedProjects) = preSolution
		{27C3C13F-A0EF-4C70-B699-2396F334150B} = {827E0CD3-B72D-47B6-A68D-7590B98EB39B}
		{91CAEA58-5141-4C64-A6EA-B141D3C3060F} = {0AB3BF05-4346-4AA6-1389-037BE0695223}
	EndGlobalSection
EndGlobal
